// !$*UTF8*$!
{
	archiveVersion = 1;
	classes = {
	};
	objectVersion = 46;
	objects = {

/* Begin PBXBuildFile section */
		0926A8111698ADDD00573783 /* OHParagraphStyle.m in Sources */ = {isa = PBXBuildFile; fileRef = 0926A80F1698ADDD00573783 /* OHParagraphStyle.m */; };
		09793559161393F2006DB5D5 /* OHASMarkupParserBase.m in Sources */ = {isa = PBXBuildFile; fileRef = 09793557161393F2006DB5D5 /* OHASMarkupParserBase.m */; };
		0979355D1613A5AE006DB5D5 /* OHASBasicHTMLParser.m in Sources */ = {isa = PBXBuildFile; fileRef = 0979355B1613A5AE006DB5D5 /* OHASBasicHTMLParser.m */; };
		097935611613B276006DB5D5 /* OHASBasicMarkupParser.m in Sources */ = {isa = PBXBuildFile; fileRef = 0979355F1613B276006DB5D5 /* OHASBasicMarkupParser.m */; };
		09804E0716A8CAA400ADC660 /* OHAttributedLabel.h in CopyFiles */ = {isa = PBXBuildFile; fileRef = 09E15A02160F57E2003025B4 /* OHAttributedLabel.h */; };
		09804E0816A8CAA400ADC660 /* OHParagraphStyle.h in CopyFiles */ = {isa = PBXBuildFile; fileRef = 0926A80E1698ADDD00573783 /* OHParagraphStyle.h */; };
		09804E0916A8CAA400ADC660 /* NSAttributedString+Attributes.h in CopyFiles */ = {isa = PBXBuildFile; fileRef = 09E15A00160F57E2003025B4 /* NSAttributedString+Attributes.h */; };
		09804E0A16A8CAA400ADC660 /* NSTextCheckingResult+ExtendedURL.h in CopyFiles */ = {isa = PBXBuildFile; fileRef = 09E15A27160F640D003025B4 /* NSTextCheckingResult+ExtendedURL.h */; };
		09804E0B16A8CAA400ADC660 /* OHASMarkupParserBase.h in CopyFiles */ = {isa = PBXBuildFile; fileRef = 09793556161393F2006DB5D5 /* OHASMarkupParserBase.h */; };
		09804E0C16A8CAA400ADC660 /* OHASBasicHTMLParser.h in CopyFiles */ = {isa = PBXBuildFile; fileRef = 0979355A1613A5AE006DB5D5 /* OHASBasicHTMLParser.h */; };
		09804E0D16A8CAA400ADC660 /* OHASBasicMarkupParser.h in CopyFiles */ = {isa = PBXBuildFile; fileRef = 0979355E1613B276006DB5D5 /* OHASBasicMarkupParser.h */; };
		09E159EC160F573A003025B4 /* Foundation.framework in Frameworks */ = {isa = PBXBuildFile; fileRef = 09E159EB160F573A003025B4 /* Foundation.framework */; };
		09E159FE160F57AB003025B4 /* CoreText.framework in Frameworks */ = {isa = PBXBuildFile; fileRef = 09E159FD160F57AB003025B4 /* CoreText.framework */; };
		09E15A04160F57E2003025B4 /* NSAttributedString+Attributes.m in Sources */ = {isa = PBXBuildFile; fileRef = 09E15A01160F57E2003025B4 /* NSAttributedString+Attributes.m */; };
		09E15A05160F57E2003025B4 /* OHAttributedLabel.m in Sources */ = {isa = PBXBuildFile; fileRef = 09E15A03160F57E2003025B4 /* OHAttributedLabel.m */; };
		09E15A26160F63DE003025B4 /* CoreTextUtils.m in Sources */ = {isa = PBXBuildFile; fileRef = 09E15A24160F63DE003025B4 /* CoreTextUtils.m */; };
		09E15A2A160F640D003025B4 /* NSTextCheckingResult+ExtendedURL.m in Sources */ = {isa = PBXBuildFile; fileRef = 09E15A28160F640D003025B4 /* NSTextCheckingResult+ExtendedURL.m */; };
		09E15A2C160F64EB003025B4 /* UIKit.framework in Frameworks */ = {isa = PBXBuildFile; fileRef = 09E15A2B160F64EB003025B4 /* UIKit.framework */; };
/* End PBXBuildFile section */

/* Begin PBXCopyFilesBuildPhase section */
		09804E0516A8CA8800ADC660 /* CopyFiles */ = {
			isa = PBXCopyFilesBuildPhase;
			buildActionMask = 2147483647;
			dstPath = "include/${PRODUCT_NAME}";
			dstSubfolderSpec = 16;
			files = (
				09804E0716A8CAA400ADC660 /* OHAttributedLabel.h in CopyFiles */,
				09804E0816A8CAA400ADC660 /* OHParagraphStyle.h in CopyFiles */,
				09804E0916A8CAA400ADC660 /* NSAttributedString+Attributes.h in CopyFiles */,
				09804E0A16A8CAA400ADC660 /* NSTextCheckingResult+ExtendedURL.h in CopyFiles */,
				09804E0B16A8CAA400ADC660 /* OHASMarkupParserBase.h in CopyFiles */,
				09804E0C16A8CAA400ADC660 /* OHASBasicHTMLParser.h in CopyFiles */,
				09804E0D16A8CAA400ADC660 /* OHASBasicMarkupParser.h in CopyFiles */,
			);
			runOnlyForDeploymentPostprocessing = 0;
		};
/* End PBXCopyFilesBuildPhase section */

/* Begin PBXFileReference section */
		0926A80E1698ADDD00573783 /* OHParagraphStyle.h */ = {isa = PBXFileReference; fileEncoding = 4; lastKnownFileType = sourcecode.c.h; path = OHParagraphStyle.h; sourceTree = "<group>"; };
		0926A80F1698ADDD00573783 /* OHParagraphStyle.m */ = {isa = PBXFileReference; fileEncoding = 4; lastKnownFileType = sourcecode.c.objc; path = OHParagraphStyle.m; sourceTree = "<group>"; };
		09793556161393F2006DB5D5 /* OHASMarkupParserBase.h */ = {isa = PBXFileReference; fileEncoding = 4; lastKnownFileType = sourcecode.c.h; path = OHASMarkupParserBase.h; sourceTree = "<group>"; };
		09793557161393F2006DB5D5 /* OHASMarkupParserBase.m */ = {isa = PBXFileReference; fileEncoding = 4; lastKnownFileType = sourcecode.c.objc; path = OHASMarkupParserBase.m; sourceTree = "<group>"; };
		0979355A1613A5AE006DB5D5 /* OHASBasicHTMLParser.h */ = {isa = PBXFileReference; fileEncoding = 4; lastKnownFileType = sourcecode.c.h; path = OHASBasicHTMLParser.h; sourceTree = "<group>"; };
		0979355B1613A5AE006DB5D5 /* OHASBasicHTMLParser.m */ = {isa = PBXFileReference; fileEncoding = 4; lastKnownFileType = sourcecode.c.objc; path = OHASBasicHTMLParser.m; sourceTree = "<group>"; };
		0979355E1613B276006DB5D5 /* OHASBasicMarkupParser.h */ = {isa = PBXFileReference; fileEncoding = 4; lastKnownFileType = sourcecode.c.h; path = OHASBasicMarkupParser.h; sourceTree = "<group>"; };
		0979355F1613B276006DB5D5 /* OHASBasicMarkupParser.m */ = {isa = PBXFileReference; fileEncoding = 4; lastKnownFileType = sourcecode.c.objc; path = OHASBasicMarkupParser.m; sourceTree = "<group>"; };
		097935631613CD6E006DB5D5 /* README.md */ = {isa = PBXFileReference; fileEncoding = 4; lastKnownFileType = text; name = README.md; path = ../README.md; sourceTree = "<group>"; };
		09E159E8160F573A003025B4 /* libOHAttributedLabel.a */ = {isa = PBXFileReference; explicitFileType = archive.ar; includeInIndex = 0; path = libOHAttributedLabel.a; sourceTree = BUILT_PRODUCTS_DIR; };
		09E159EB160F573A003025B4 /* Foundation.framework */ = {isa = PBXFileReference; lastKnownFileType = wrapper.framework; name = Foundation.framework; path = System/Library/Frameworks/Foundation.framework; sourceTree = SDKROOT; };
		09E159FD160F57AB003025B4 /* CoreText.framework */ = {isa = PBXFileReference; lastKnownFileType = wrapper.framework; name = CoreText.framework; path = System/Library/Frameworks/CoreText.framework; sourceTree = SDKROOT; };
		09E15A00160F57E2003025B4 /* NSAttributedString+Attributes.h */ = {isa = PBXFileReference; fileEncoding = 4; lastKnownFileType = sourcecode.c.h; path = "NSAttributedString+Attributes.h"; sourceTree = "<group>"; };
		09E15A01160F57E2003025B4 /* NSAttributedString+Attributes.m */ = {isa = PBXFileReference; fileEncoding = 4; lastKnownFileType = sourcecode.c.objc; path = "NSAttributedString+Attributes.m"; sourceTree = "<group>"; };
		09E15A02160F57E2003025B4 /* OHAttributedLabel.h */ = {isa = PBXFileReference; fileEncoding = 4; lastKnownFileType = sourcecode.c.h; path = OHAttributedLabel.h; sourceTree = "<group>"; };
		09E15A03160F57E2003025B4 /* OHAttributedLabel.m */ = {isa = PBXFileReference; fileEncoding = 4; lastKnownFileType = sourcecode.c.objc; path = OHAttributedLabel.m; sourceTree = "<group>"; };
		09E15A06160F57F4003025B4 /* CHANGELOG */ = {isa = PBXFileReference; lastKnownFileType = text; path = CHANGELOG; sourceTree = "<group>"; };
		09E15A07160F57F4003025B4 /* LICENSE */ = {isa = PBXFileReference; lastKnownFileType = text; path = LICENSE; sourceTree = "<group>"; };
		09E15A23160F63DE003025B4 /* CoreTextUtils.h */ = {isa = PBXFileReference; fileEncoding = 4; lastKnownFileType = sourcecode.c.h; path = CoreTextUtils.h; sourceTree = "<group>"; };
		09E15A24160F63DE003025B4 /* CoreTextUtils.m */ = {isa = PBXFileReference; fileEncoding = 4; lastKnownFileType = sourcecode.c.objc; path = CoreTextUtils.m; sourceTree = "<group>"; };
		09E15A27160F640D003025B4 /* NSTextCheckingResult+ExtendedURL.h */ = {isa = PBXFileReference; fileEncoding = 4; lastKnownFileType = sourcecode.c.h; path = "NSTextCheckingResult+ExtendedURL.h"; sourceTree = "<group>"; };
		09E15A28160F640D003025B4 /* NSTextCheckingResult+ExtendedURL.m */ = {isa = PBXFileReference; fileEncoding = 4; lastKnownFileType = sourcecode.c.objc; path = "NSTextCheckingResult+ExtendedURL.m"; sourceTree = "<group>"; };
		09E15A2B160F64EB003025B4 /* UIKit.framework */ = {isa = PBXFileReference; lastKnownFileType = wrapper.framework; name = UIKit.framework; path = System/Library/Frameworks/UIKit.framework; sourceTree = SDKROOT; };
/* End PBXFileReference section */

/* Begin PBXFrameworksBuildPhase section */
		09E159E5160F573A003025B4 /* Frameworks */ = {
			isa = PBXFrameworksBuildPhase;
			buildActionMask = 2147483647;
			files = (
				09E15A2C160F64EB003025B4 /* UIKit.framework in Frameworks */,
				09E159FE160F57AB003025B4 /* CoreText.framework in Frameworks */,
				09E159EC160F573A003025B4 /* Foundation.framework in Frameworks */,
			);
			runOnlyForDeploymentPostprocessing = 0;
		};
/* End PBXFrameworksBuildPhase section */

/* Begin PBXGroup section */
		09793554161393AE006DB5D5 /* TagParsers */ = {
			isa = PBXGroup;
			children = (
				09793556161393F2006DB5D5 /* OHASMarkupParserBase.h */,
				09793557161393F2006DB5D5 /* OHASMarkupParserBase.m */,
				0979355A1613A5AE006DB5D5 /* OHASBasicHTMLParser.h */,
				0979355B1613A5AE006DB5D5 /* OHASBasicHTMLParser.m */,
				0979355E1613B276006DB5D5 /* OHASBasicMarkupParser.h */,
				0979355F1613B276006DB5D5 /* OHASBasicMarkupParser.m */,
			);
			path = TagParsers;
			sourceTree = "<group>";
		};
		097935621613B419006DB5D5 /* Private Utilities */ = {
			isa = PBXGroup;
			children = (
				09E15A23160F63DE003025B4 /* CoreTextUtils.h */,
				09E15A24160F63DE003025B4 /* CoreTextUtils.m */,
			);
			name = "Private Utilities";
			path = PrivateUtils;
			sourceTree = "<group>";
		};
		09E159DD160F573A003025B4 = {
			isa = PBXGroup;
			children = (
				097935631613CD6E006DB5D5 /* README.md */,
				09E15A06160F57F4003025B4 /* CHANGELOG */,
				09E15A07160F57F4003025B4 /* LICENSE */,
				09E159FF160F57D5003025B4 /* Source */,
				09E159EA160F573A003025B4 /* Frameworks */,
				09E159E9160F573A003025B4 /* Products */,
			);
			sourceTree = "<group>";
		};
		09E159E9160F573A003025B4 /* Products */ = {
			isa = PBXGroup;
			children = (
				09E159E8160F573A003025B4 /* libOHAttributedLabel.a */,
			);
			name = Products;
			sourceTree = "<group>";
		};
		09E159EA160F573A003025B4 /* Frameworks */ = {
			isa = PBXGroup;
			children = (
				09E159FD160F57AB003025B4 /* CoreText.framework */,
				09E15A2B160F64EB003025B4 /* UIKit.framework */,
				09E159EB160F573A003025B4 /* Foundation.framework */,
			);
			name = Frameworks;
			sourceTree = "<group>";
		};
		09E159FF160F57D5003025B4 /* Source */ = {
			isa = PBXGroup;
			children = (
				47554A5A161485A200904E5E /* OHAttributedLabel */,
				09793554161393AE006DB5D5 /* TagParsers */,
				097935621613B419006DB5D5 /* Private Utilities */,
			);
			name = Source;
			sourceTree = "<group>";
		};
		47554A5A161485A200904E5E /* OHAttributedLabel */ = {
			isa = PBXGroup;
			children = (
				09E15A02160F57E2003025B4 /* OHAttributedLabel.h */,
				09E15A03160F57E2003025B4 /* OHAttributedLabel.m */,
				0926A80E1698ADDD00573783 /* OHParagraphStyle.h */,
				0926A80F1698ADDD00573783 /* OHParagraphStyle.m */,
				09E15A00160F57E2003025B4 /* NSAttributedString+Attributes.h */,
				09E15A01160F57E2003025B4 /* NSAttributedString+Attributes.m */,
				09E15A27160F640D003025B4 /* NSTextCheckingResult+ExtendedURL.h */,
				09E15A28160F640D003025B4 /* NSTextCheckingResult+ExtendedURL.m */,
			);
			name = OHAttributedLabel;
			path = Source;
			sourceTree = "<group>";
		};
/* End PBXGroup section */

/* Begin PBXNativeTarget section */
		09E159E7160F573A003025B4 /* OHAttributedLabel */ = {
			isa = PBXNativeTarget;
			buildConfigurationList = 09E159F6160F573A003025B4 /* Build configuration list for PBXNativeTarget "OHAttributedLabel" */;
			buildPhases = (
				09E159E4160F573A003025B4 /* Sources */,
				09E159E5160F573A003025B4 /* Frameworks */,
				09804E0516A8CA8800ADC660 /* CopyFiles */,
			);
			buildRules = (
			);
			dependencies = (
			);
			name = OHAttributedLabel;
			productName = OHAttributedLabel;
			productReference = 09E159E8160F573A003025B4 /* libOHAttributedLabel.a */;
			productType = "com.apple.product-type.library.static";
		};
/* End PBXNativeTarget section */

/* Begin PBXProject section */
		09E159DF160F573A003025B4 /* Project object */ = {
			isa = PBXProject;
			attributes = {
				LastUpgradeCheck = 0450;
				ORGANIZATIONNAME = AliSoftware;
			};
			buildConfigurationList = 09E159E2160F573A003025B4 /* Build configuration list for PBXProject "OHAttributedLabel" */;
			compatibilityVersion = "Xcode 3.2";
			developmentRegion = English;
			hasScannedForEncodings = 0;
			knownRegions = (
				en,
			);
			mainGroup = 09E159DD160F573A003025B4;
			productRefGroup = 09E159E9160F573A003025B4 /* Products */;
			projectDirPath = "";
			projectRoot = "";
			targets = (
				09E159E7160F573A003025B4 /* OHAttributedLabel */,
			);
		};
/* End PBXProject section */

/* Begin PBXSourcesBuildPhase section */
		09E159E4160F573A003025B4 /* Sources */ = {
			isa = PBXSourcesBuildPhase;
			buildActionMask = 2147483647;
			files = (
				09E15A04160F57E2003025B4 /* NSAttributedString+Attributes.m in Sources */,
				09E15A05160F57E2003025B4 /* OHAttributedLabel.m in Sources */,
				09E15A26160F63DE003025B4 /* CoreTextUtils.m in Sources */,
				09E15A2A160F640D003025B4 /* NSTextCheckingResult+ExtendedURL.m in Sources */,
				09793559161393F2006DB5D5 /* OHASMarkupParserBase.m in Sources */,
				0979355D1613A5AE006DB5D5 /* OHASBasicHTMLParser.m in Sources */,
				097935611613B276006DB5D5 /* OHASBasicMarkupParser.m in Sources */,
				0926A8111698ADDD00573783 /* OHParagraphStyle.m in Sources */,
			);
			runOnlyForDeploymentPostprocessing = 0;
		};
/* End PBXSourcesBuildPhase section */

/* Begin XCBuildConfiguration section */
		09E159F4160F573A003025B4 /* Debug */ = {
			isa = XCBuildConfiguration;
			buildSettings = {
				ALWAYS_SEARCH_USER_PATHS = NO;
				CLANG_CXX_LANGUAGE_STANDARD = "gnu++0x";
				CLANG_CXX_LIBRARY = "libc++";
				CLANG_WARN_EMPTY_BODY = YES;
				CLANG_WARN_OBJC_MISSING_PROPERTY_SYNTHESIS = YES;
				CLANG_WARN__DUPLICATE_METHOD_MATCH = YES;
				COPY_PHASE_STRIP = NO;
				GCC_C_LANGUAGE_STANDARD = gnu99;
				GCC_DYNAMIC_NO_PIC = NO;
				GCC_OPTIMIZATION_LEVEL = 0;
				GCC_PREPROCESSOR_DEFINITIONS = (
					"DEBUG=1",
					"$(inherited)",
				);
				GCC_SYMBOLS_PRIVATE_EXTERN = NO;
				GCC_WARN_ABOUT_MISSING_NEWLINE = YES;
				GCC_WARN_ABOUT_MISSING_PROTOTYPES = YES;
				GCC_WARN_ABOUT_RETURN_TYPE = YES;
				GCC_WARN_SHADOW = YES;
				GCC_WARN_UNINITIALIZED_AUTOS = YES;
				GCC_WARN_UNUSED_VARIABLE = YES;
				IPHONEOS_DEPLOYMENT_TARGET = 6.0;
				SDKROOT = iphoneos;
			};
			name = Debug;
		};
		09E159F5160F573A003025B4 /* Release */ = {
			isa = XCBuildConfiguration;
			buildSettings = {
				ALWAYS_SEARCH_USER_PATHS = NO;
				CLANG_CXX_LANGUAGE_STANDARD = "gnu++0x";
				CLANG_CXX_LIBRARY = "libc++";
				CLANG_WARN_EMPTY_BODY = YES;
				CLANG_WARN_OBJC_MISSING_PROPERTY_SYNTHESIS = YES;
				CLANG_WARN__DUPLICATE_METHOD_MATCH = YES;
				COPY_PHASE_STRIP = YES;
				GCC_C_LANGUAGE_STANDARD = gnu99;
				GCC_WARN_ABOUT_MISSING_NEWLINE = YES;
				GCC_WARN_ABOUT_MISSING_PROTOTYPES = YES;
				GCC_WARN_ABOUT_RETURN_TYPE = YES;
				GCC_WARN_SHADOW = YES;
				GCC_WARN_UNINITIALIZED_AUTOS = YES;
				GCC_WARN_UNUSED_VARIABLE = YES;
				IPHONEOS_DEPLOYMENT_TARGET = 6.0;
				SDKROOT = iphoneos;
				VALIDATE_PRODUCT = YES;
			};
			name = Release;
		};
		09E159F7160F573A003025B4 /* Debug */ = {
			isa = XCBuildConfiguration;
			buildSettings = {
				CLANG_WARN_CONSTANT_CONVERSION = YES;
				CLANG_WARN_ENUM_CONVERSION = YES;
				CLANG_WARN_IMPLICIT_SIGN_CONVERSION = YES;
				CLANG_WARN_INT_CONVERSION = YES;
				CLANG_WARN_SUSPICIOUS_IMPLICIT_CONVERSION = YES;
				GCC_PREPROCESSOR_DEFINITIONS = (
					OHATTRIBUTEDLABEL_DEDICATED_PROJECT,
					"$(inherited)",
				);
				GCC_WARN_SIGN_COMPARE = YES;
				GCC_WARN_UNUSED_FUNCTION = YES;
				IPHONEOS_DEPLOYMENT_TARGET = 4.3;
				PRODUCT_NAME = "$(TARGET_NAME)";
				SKIP_INSTALL = YES;
			};
			name = Debug;
		};
		09E159F8160F573A003025B4 /* Release */ = {
			isa = XCBuildConfiguration;
			buildSettings = {
				CLANG_WARN_CONSTANT_CONVERSION = YES;
				CLANG_WARN_ENUM_CONVERSION = YES;
				CLANG_WARN_IMPLICIT_SIGN_CONVERSION = YES;
				CLANG_WARN_INT_CONVERSION = YES;
				CLANG_WARN_SUSPICIOUS_IMPLICIT_CONVERSION = YES;
				GCC_PREPROCESSOR_DEFINITIONS = (
					OHATTRIBUTEDLABEL_DEDICATED_PROJECT,
					"$(inherited)",
				);
				GCC_WARN_SIGN_COMPARE = YES;
				GCC_WARN_UNUSED_FUNCTION = YES;
				IPHONEOS_DEPLOYMENT_TARGET = 4.3;
				PRODUCT_NAME = "$(TARGET_NAME)";
				SKIP_INSTALL = YES;
			};
			name = Release;
		};
/* End XCBuildConfiguration section */

/* Begin XCConfigurationList section */
		09E159E2160F573A003025B4 /* Build configuration list for PBXProject "OHAttributedLabel" */ = {
			isa = XCConfigurationList;
			buildConfigurations = (
				09E159F4160F573A003025B4 /* Debug */,
				09E159F5160F573A003025B4 /* Release */,
			);
			defaultConfigurationIsVisible = 0;
			defaultConfigurationName = Release;
		};
		09E159F6160F573A003025B4 /* Build configuration list for PBXNativeTarget "OHAttributedLabel" */ = {
			isa = XCConfigurationList;
			buildConfigurations = (
				09E159F7160F573A003025B4 /* Debug */,
				09E159F8160F573A003025B4 /* Release */,
			);
			defaultConfigurationIsVisible = 0;
			defaultConfigurationName = Release;
		};
/* End XCConfigurationList section */
	};
	rootObject = 09E159DF160F573A003025B4 /* Project object */;
}
